{
  "originHash" : "982d203b25550f970efa2a815be3dfa195dae44e47d9c180d971d4a429e1facc",
  "pins" : [
    {
      "identity" : "alamofire",
      "kind" : "remoteSourceControl",
      "location" : "https://github.com/Alamofire/Alamofire.git",
      "state" : {
        "revision" : "513364f870f6bfc468f9d2ff0a95caccc10044c5",
        "version" : "5.10.2"
      }
    },
    {
      "identity" : "kakao-ios-sdk",
      "kind" : "remoteSourceControl",
      "location" : "https://github.com/kakao/kakao-ios-sdk",
      "state" : {
        "revision" : "f17e30773062d9df4c8e0e211da9ac22dfb2e5c1",
        "version" : "2.24.6"
      }
    },
    {
      "identity" : "naveridlogin-sdk-ios-swift",
      "kind" : "remoteSourceControl",
      "location" : "https://github.com/naver/naveridlogin-sdk-ios-swift",
      "state" : {
        "revision" : "13bf828da97408d2023cca03920e9f0fa5fcbe60",
        "version" : "5.0.1"
      }
    },
    {
      "identity" : "spm-nmapsgeometry",
      "kind" : "remoteSourceControl",
      "location" : "https://github.com/navermaps/SPM-NMapsGeometry.git",
      "state" : {
        "revision" : "436d5e2e684f557faf5ef5862fd6633a42d7af11",
        "version" : "1.0.2"
      }
    },
    {
      "identity" : "spm-nmapsmap",
      "kind" : "remoteSourceControl",
      "location" : "https://github.com/navermaps/SPM-NMapsMap",
      "state" : {
        "revision" : "fb4eef37db9904c0a0dcdf7a828c892e13782cfa",
        "version" : "3.23.0"
      }
    }
  ],
  "version" : 3
}
